
Microsoft Visual Studio Solution File, Format Version 12.00
# Visual Studio Version 16
VisualStudioVersion = 16.0.29215.179
MinimumVisualStudioVersion = 10.0.40219.1
Project("{FAE04EC0-301F-11D3-BF4B-00C04F79EFBC}") = "mdc.m7.setup", "mdc.m7.setup.csproj", "{D831A9C9-6201-4ED3-ADB4-D78BDA8B8BAB}"
EndProject
Global
	GlobalSection(SolutionConfigurationPlatforms) = preSolution
		Debug|Any CPU = Debug|Any CPU
		Release|Any CPU = Release|Any CPU
	EndGlobalSection
	GlobalSection(ProjectConfigurationPlatforms) = postSolution
		{D831A9C9-6201-4ED3-ADB4-D78BDA8B8BAB}.Debug|Any CPU.ActiveCfg = Debug|Any CPU
		{D831A9C9-6201-4ED3-ADB4-D78BDA8B8BAB}.Debug|Any CPU.Build.0 = Debug|Any CPU
		{D831A9C9-6201-4ED3-ADB4-D78BDA8B8BAB}.Release|Any CPU.ActiveCfg = Release|Any CPU
		{D831A9C9-6201-4ED3-ADB4-D78BDA8B8BAB}.Release|Any CPU.Build.0 = Release|Any CPU
	EndGlobalSection
	GlobalSection(SolutionProperties) = preSolution
		HideSolutionNode = FALSE
	EndGlobalSection
	GlobalSection(ExtensibilityGlobals) = postSolution
		SolutionGuid = {8F8D4687-3649-4FF8-8D4B-C973C6BB07EA}
	EndGlobalSection
EndGlobal
